hash: 8c14be84ae5460f59d74fb9c277931fb306ae06d3d3cad33a408e3688dad14f7
updated: 2017-05-09T20:32:41.727071327-07:00
imports:
- name: github.com/go-sql-driver/mysql
  version: ae5a66df4d33ba404d639bd0fc9189cd5ee79bcf
- name: github.com/jmoiron/sqlx
  version: d9bd385d68c068f1fabb5057e3dedcbcbb039d0f
  subpackages:
  - reflectx
- name: github.com/mattn/go-sqlite3
  version: cf7286f069c3ef596efcc87781a4653a2e7607bd
testImports: []
