hash: 8c14be84ae5460f59d74fb9c277931fb306ae06d3d3cad33a408e3688dad14f7
updated: 2017-05-09T03:23:39.398629187-07:00
imports:
- name: github.com/jmoiron/sqlx
  version: d9bd385d68c068f1fabb5057e3dedcbcbb039d0f
  subpackages:
  - reflectx
- name: github.com/mattn/go-sqlite3
  version: cf7286f069c3ef596efcc87781a4653a2e7607bd
- name: golang.org/x/net
  version: feeb485667d1fdabe727840fe00adc22431bc86e
  subpackages:
  - context
testImports: []
