memo = "5312f5c16fb168e1313bd8d9305731c204a5a56d3fcdf168564e5ca357a642db"

[[projects]]
  branch = "master"
  name = "github.com/bsdlp/apiutils"
  packages = ["."]
  revision = "baa317dddd4a12bb409cce301eb185442c284517"

[[projects]]
  name = "github.com/davecgh/go-spew"
  packages = ["spew"]
  revision = "346938d642f2ec3594ed81d874461961cd0faa76"
  version = "v1.1.0"

[[projects]]
  branch = "master"
  name = "github.com/go-sql-driver/mysql"
  packages = ["."]
  revision = "382e13d099fcf5f5994290892ab258fbebbdc5e3"

[[projects]]
  branch = "master"
  name = "github.com/jmoiron/sqlx"
  packages = [".","reflectx"]
  revision = "d9bd385d68c068f1fabb5057e3dedcbcbb039d0f"

[[projects]]
  branch = "master"
  name = "github.com/kelseyhightower/envconfig"
  packages = ["."]
  revision = "b6fde1625d631a48340817849a547164f395d9eb"

[[projects]]
  name = "github.com/pmezard/go-difflib"
  packages = ["difflib"]
  revision = "792786c7400a136282c1664665ae0a8db921c6c2"
  version = "v1.0.0"

[[projects]]
  branch = "master"
  name = "github.com/pressly/goose"
  packages = ["."]
  revision = "d24a46b61b311f5ceb0a876cb9896cb7dde45818"

[[projects]]
  branch = "master"
  name = "github.com/satori/go.uuid"
  packages = ["."]
  revision = "5bf94b69c6b68ee1b541973bb8e1144db23a194b"

[[projects]]
  branch = "master"
  name = "github.com/stretchr/objx"
  packages = ["."]
  revision = "1a9d0bb9f541897e62256577b352fdbc1fb4fd94"

[[projects]]
  branch = "master"
  name = "github.com/stretchr/testify"
  packages = ["assert","mock"]
  revision = "4d4bfba8f1d1027c4fdbe371823030df51419987"
